// !$*UTF8*$!
{
	archiveVersion = 1;
	classes = {
	};
	objectVersion = 56;
	objects = {

/* Begin PBXBuildFile section */
		3D1F9D8C2B9B6873002460E2 /* chatbot.swift in Sources */ = {isa = PBXBuildFile; fileRef = 3D1F9D8B2B9B6873002460E2 /* chatbot.swift */; };
		3D1F9D8E2B9B6B58002460E2 /* botresp.swift in Sources */ = {isa = PBXBuildFile; fileRef = 3D1F9D8D2B9B6B58002460E2 /* botresp.swift */; };
		3D1F9D902B9B9AA8002460E2 /* Intro.swift in Sources */ = {isa = PBXBuildFile; fileRef = 3D1F9D8F2B9B9AA8002460E2 /* Intro.swift */; };
		3D1F9D922B9BA97B002460E2 /* ventana2.swift in Sources */ = {isa = PBXBuildFile; fileRef = 3D1F9D912B9BA97B002460E2 /* ventana2.swift */; };
		3D1F9D942B9BAD0B002460E2 /* ventana3.swift in Sources */ = {isa = PBXBuildFile; fileRef = 3D1F9D932B9BAD0B002460E2 /* ventana3.swift */; };
		3D1F9D962B9BAE4E002460E2 /* Orientacion.swift in Sources */ = {isa = PBXBuildFile; fileRef = 3D1F9D952B9BAE4E002460E2 /* Orientacion.swift */; };
		3D1F9D982B9BAE9A002460E2 /* Publicar.swift in Sources */ = {isa = PBXBuildFile; fileRef = 3D1F9D972B9BAE9A002460E2 /* Publicar.swift */; };
		3D1F9D9A2B9BAEEC002460E2 /* Bloc.swift in Sources */ = {isa = PBXBuildFile; fileRef = 3D1F9D992B9BAEEC002460E2 /* Bloc.swift */; };
		3D2F03A52B9A2D0400F165EA /* computer_nerdysApp.swift in Sources */ = {isa = PBXBuildFile; fileRef = 3D2F03A42B9A2D0400F165EA /* computer_nerdysApp.swift */; };
		3D2F03A72B9A2D0400F165EA /* ContentView.swift in Sources */ = {isa = PBXBuildFile; fileRef = 3D2F03A62B9A2D0400F165EA /* ContentView.swift */; };
		3D2F03A92B9A2D0600F165EA /* Assets.xcassets in Resources */ = {isa = PBXBuildFile; fileRef = 3D2F03A82B9A2D0600F165EA /* Assets.xcassets */; };
		3D2F03AC2B9A2D0600F165EA /* Preview Assets.xcassets in Resources */ = {isa = PBXBuildFile; fileRef = 3D2F03AB2B9A2D0600F165EA /* Preview Assets.xcassets */; };
		3DDD06D02B9A3B1A004B3664 /* WelcomeView.swift in Sources */ = {isa = PBXBuildFile; fileRef = 3DDD06CF2B9A3B1A004B3664 /* WelcomeView.swift */; };
		3DF366C02B9A5814004093E8 /* Reporte.swift in Sources */ = {isa = PBXBuildFile; fileRef = 3DF366BF2B9A5814004093E8 /* Reporte.swift */; };
		3DF5F5C62B9A7DBA0094CA69 /* Boton.swift in Sources */ = {isa = PBXBuildFile; fileRef = 3DF5F5C52B9A7DB90094CA69 /* Boton.swift */; };
/* End PBXBuildFile section */

/* Begin PBXFileReference section */
		3D1F9D8B2B9B6873002460E2 /* chatbot.swift */ = {isa = PBXFileReference; lastKnownFileType = sourcecode.swift; path = chatbot.swift; sourceTree = "<group>"; };
		3D1F9D8D2B9B6B58002460E2 /* botresp.swift */ = {isa = PBXFileReference; lastKnownFileType = sourcecode.swift; path = botresp.swift; sourceTree = "<group>"; };
		3D1F9D8F2B9B9AA8002460E2 /* Intro.swift */ = {isa = PBXFileReference; lastKnownFileType = sourcecode.swift; path = Intro.swift; sourceTree = "<group>"; };
		3D1F9D912B9BA97B002460E2 /* ventana2.swift */ = {isa = PBXFileReference; lastKnownFileType = sourcecode.swift; path = ventana2.swift; sourceTree = "<group>"; };
		3D1F9D932B9BAD0B002460E2 /* ventana3.swift */ = {isa = PBXFileReference; lastKnownFileType = sourcecode.swift; path = ventana3.swift; sourceTree = "<group>"; };
		3D1F9D952B9BAE4E002460E2 /* Orientacion.swift */ = {isa = PBXFileReference; lastKnownFileType = sourcecode.swift; path = Orientacion.swift; sourceTree = "<group>"; };
		3D1F9D972B9BAE9A002460E2 /* Publicar.swift */ = {isa = PBXFileReference; lastKnownFileType = sourcecode.swift; path = Publicar.swift; sourceTree = "<group>"; };
		3D1F9D992B9BAEEC002460E2 /* Bloc.swift */ = {isa = PBXFileReference; lastKnownFileType = sourcecode.swift; path = Bloc.swift; sourceTree = "<group>"; };
		3D2F03A12B9A2D0400F165EA /* computer nerdys.app */ = {isa = PBXFileReference; explicitFileType = wrapper.application; includeInIndex = 0; path = "computer nerdys.app"; sourceTree = BUILT_PRODUCTS_DIR; };
		3D2F03A42B9A2D0400F165EA /* computer_nerdysApp.swift */ = {isa = PBXFileReference; lastKnownFileType = sourcecode.swift; path = computer_nerdysApp.swift; sourceTree = "<group>"; };
		3D2F03A62B9A2D0400F165EA /* ContentView.swift */ = {isa = PBXFileReference; lastKnownFileType = sourcecode.swift; path = ContentView.swift; sourceTree = "<group>"; };
		3D2F03A82B9A2D0600F165EA /* Assets.xcassets */ = {isa = PBXFileReference; lastKnownFileType = folder.assetcatalog; path = Assets.xcassets; sourceTree = "<group>"; };
		3D2F03AB2B9A2D0600F165EA /* Preview Assets.xcassets */ = {isa = PBXFileReference; lastKnownFileType = folder.assetcatalog; path = "Preview Assets.xcassets"; sourceTree = "<group>"; };
		3DDD06CF2B9A3B1A004B3664 /* WelcomeView.swift */ = {isa = PBXFileReference; lastKnownFileType = sourcecode.swift; path = WelcomeView.swift; sourceTree = "<group>"; };
		3DF366BF2B9A5814004093E8 /* Reporte.swift */ = {isa = PBXFileReference; lastKnownFileType = sourcecode.swift; path = Reporte.swift; sourceTree = "<group>"; };
		3DF5F5C52B9A7DB90094CA69 /* Boton.swift */ = {isa = PBXFileReference; lastKnownFileType = sourcecode.swift; path = Boton.swift; sourceTree = "<group>"; };
/* End PBXFileReference section */

/* Begin PBXFrameworksBuildPhase section */
		3D2F039E2B9A2D0400F165EA /* Frameworks */ = {
			isa = PBXFrameworksBuildPhase;
			buildActionMask = 2147483647;
			files = (
			);
			runOnlyForDeploymentPostprocessing = 0;
		};
/* End PBXFrameworksBuildPhase section */

/* Begin PBXGroup section */
		3D2F03982B9A2D0400F165EA = {
			isa = PBXGroup;
			children = (
				3D2F03A32B9A2D0400F165EA /* computer nerdys */,
				3D2F03A22B9A2D0400F165EA /* Products */,
			);
			sourceTree = "<group>";
		};
		3D2F03A22B9A2D0400F165EA /* Products */ = {
			isa = PBXGroup;
			children = (
				3D2F03A12B9A2D0400F165EA /* computer nerdys.app */,
			);
			name = Products;
			sourceTree = "<group>";
		};
		3D2F03A32B9A2D0400F165EA /* computer nerdys */ = {
			isa = PBXGroup;
			children = (
				3D2F03A42B9A2D0400F165EA /* computer_nerdysApp.swift */,
				3D2F03A62B9A2D0400F165EA /* ContentView.swift */,
				3D1F9D8F2B9B9AA8002460E2 /* Intro.swift */,
				3D1F9D912B9BA97B002460E2 /* ventana2.swift */,
				3D1F9D932B9BAD0B002460E2 /* ventana3.swift */,
				3D1F9D992B9BAEEC002460E2 /* Bloc.swift */,
				3D1F9D972B9BAE9A002460E2 /* Publicar.swift */,
				3D1F9D952B9BAE4E002460E2 /* Orientacion.swift */,
				3DF366BF2B9A5814004093E8 /* Reporte.swift */,
				3DF5F5C52B9A7DB90094CA69 /* Boton.swift */,
				3D1F9D8B2B9B6873002460E2 /* chatbot.swift */,
				3D1F9D8D2B9B6B58002460E2 /* botresp.swift */,
				3DDD06CF2B9A3B1A004B3664 /* WelcomeView.swift */,
				3D2F03A82B9A2D0600F165EA /* Assets.xcassets */,
				3D2F03AA2B9A2D0600F165EA /* Preview Content */,
			);
			path = "computer nerdys";
			sourceTree = "<group>";
		};
		3D2F03AA2B9A2D0600F165EA /* Preview Content */ = {
			isa = PBXGroup;
			children = (
				3D2F03AB2B9A2D0600F165EA /* Preview Assets.xcassets */,
			);
			path = "Preview Content";
			sourceTree = "<group>";
		};
/* End PBXGroup section */

/* Begin PBXNativeTarget section */
		3D2F03A02B9A2D0400F165EA /* computer nerdys */ = {
			isa = PBXNativeTarget;
			buildConfigurationList = 3D2F03AF2B9A2D0600F165EA /* Build configuration list for PBXNativeTarget "computer nerdys" */;
			buildPhases = (
				3D2F039D2B9A2D0400F165EA /* Sources */,
				3D2F039E2B9A2D0400F165EA /* Frameworks */,
				3D2F039F2B9A2D0400F165EA /* Resources */,
			);
			buildRules = (
			);
			dependencies = (
			);
			name = "computer nerdys";
			productName = "computer nerdys";
			productReference = 3D2F03A12B9A2D0400F165EA /* computer nerdys.app */;
			productType = "com.apple.product-type.application";
		};
/* End PBXNativeTarget section */

/* Begin PBXProject section */
		3D2F03992B9A2D0400F165EA /* Project object */ = {
			isa = PBXProject;
			attributes = {
				BuildIndependentTargetsInParallel = 1;
				LastSwiftUpdateCheck = 1530;
				LastUpgradeCheck = 1530;
				TargetAttributes = {
					3D2F03A02B9A2D0400F165EA = {
						CreatedOnToolsVersion = 15.3;
					};
				};
			};
			buildConfigurationList = 3D2F039C2B9A2D0400F165EA /* Build configuration list for PBXProject "computer nerdys" */;
			compatibilityVersion = "Xcode 14.0";
			developmentRegion = en;
			hasScannedForEncodings = 0;
			knownRegions = (
				en,
				Base,
			);
			mainGroup = 3D2F03982B9A2D0400F165EA;
			productRefGroup = 3D2F03A22B9A2D0400F165EA /* Products */;
			projectDirPath = "";
			projectRoot = "";
			targets = (
				3D2F03A02B9A2D0400F165EA /* computer nerdys */,
			);
		};
/* End PBXProject section */

/* Begin PBXResourcesBuildPhase section */
		3D2F039F2B9A2D0400F165EA /* Resources */ = {
			isa = PBXResourcesBuildPhase;
			buildActionMask = 2147483647;
			files = (
				3D2F03AC2B9A2D0600F165EA /* Preview Assets.xcassets in Resources */,
				3D2F03A92B9A2D0600F165EA /* Assets.xcassets in Resources */,
			);
			runOnlyForDeploymentPostprocessing = 0;
		};
/* End PBXResourcesBuildPhase section */

/* Begin PBXSourcesBuildPhase section */
		3D2F039D2B9A2D0400F165EA /* Sources */ = {
			isa = PBXSourcesBuildPhase;
			buildActionMask = 2147483647;
			files = (
				3D1F9D962B9BAE4E002460E2 /* Orientacion.swift in Sources */,
				3D1F9D922B9BA97B002460E2 /* ventana2.swift in Sources */,
				3DF5F5C62B9A7DBA0094CA69 /* Boton.swift in Sources */,
				3D1F9D8C2B9B6873002460E2 /* chatbot.swift in Sources */,
				3D1F9D902B9B9AA8002460E2 /* Intro.swift in Sources */,
				3D1F9D9A2B9BAEEC002460E2 /* Bloc.swift in Sources */,
				3D2F03A72B9A2D0400F165EA /* ContentView.swift in Sources */,
				3D1F9D942B9BAD0B002460E2 /* ventana3.swift in Sources */,
				3D1F9D982B9BAE9A002460E2 /* Publicar.swift in Sources */,
				3DF366C02B9A5814004093E8 /* Reporte.swift in Sources */,
				3DDD06D02B9A3B1A004B3664 /* WelcomeView.swift in Sources */,
				3D1F9D8E2B9B6B58002460E2 /* botresp.swift in Sources */,
				3D2F03A52B9A2D0400F165EA /* computer_nerdysApp.swift in Sources */,
			);
			runOnlyForDeploymentPostprocessing = 0;
		};
/* End PBXSourcesBuildPhase section */

/* Begin XCBuildConfiguration section */
		3D2F03AD2B9A2D0600F165EA /* Debug */ = {
			isa = XCBuildConfiguration;
			buildSettings = {
				ALWAYS_SEARCH_USER_PATHS = NO;
				ASSETCATALOG_COMPILER_GENERATE_SWIFT_ASSET_SYMBOL_EXTENSIONS = YES;
				CLANG_ANALYZER_NONNULL = YES;
				CLANG_ANALYZER_NUMBER_OBJECT_CONVERSION = YES_AGGRESSIVE;
				CLANG_CXX_LANGUAGE_STANDARD = "gnu++20";
				CLANG_ENABLE_MODULES = YES;
				CLANG_ENABLE_OBJC_ARC = YES;
				CLANG_ENABLE_OBJC_WEAK = YES;
				CLANG_WARN_BLOCK_CAPTURE_AUTORELEASING = YES;
				CLANG_WARN_BOOL_CONVERSION = YES;
				CLANG_WARN_COMMA = YES;
				CLANG_WARN_CONSTANT_CONVERSION = YES;
				CLANG_WARN_DEPRECATED_OBJC_IMPLEMENTATIONS = YES;
				CLANG_WARN_DIRECT_OBJC_ISA_USAGE = YES_ERROR;
				CLANG_WARN_DOCUMENTATION_COMMENTS = YES;
				CLANG_WARN_EMPTY_BODY = YES;
				CLANG_WARN_ENUM_CONVERSION = YES;
				CLANG_WARN_INFINITE_RECURSION = YES;
				CLANG_WARN_INT_CONVERSION = YES;
				CLANG_WARN_NON_LITERAL_NULL_CONVERSION = YES;
				CLANG_WARN_OBJC_IMPLICIT_RETAIN_SELF = YES;
				CLANG_WARN_OBJC_LITERAL_CONVERSION = YES;
				CLANG_WARN_OBJC_ROOT_CLASS = YES_ERROR;
				CLANG_WARN_QUOTED_INCLUDE_IN_FRAMEWORK_HEADER = YES;
				CLANG_WARN_RANGE_LOOP_ANALYSIS = YES;
				CLANG_WARN_STRICT_PROTOTYPES = YES;
				CLANG_WARN_SUSPICIOUS_MOVE = YES;
				CLANG_WARN_UNGUARDED_AVAILABILITY = YES_AGGRESSIVE;
				CLANG_WARN_UNREACHABLE_CODE = YES;
				CLANG_WARN__DUPLICATE_METHOD_MATCH = YES;
				COPY_PHASE_STRIP = NO;
				DEBUG_INFORMATION_FORMAT = dwarf;
				ENABLE_STRICT_OBJC_MSGSEND = YES;
				ENABLE_TESTABILITY = YES;
				ENABLE_USER_SCRIPT_SANDBOXING = YES;
				GCC_C_LANGUAGE_STANDARD = gnu17;
				GCC_DYNAMIC_NO_PIC = NO;
				GCC_NO_COMMON_BLOCKS = YES;
				GCC_OPTIMIZATION_LEVEL = 0;
				GCC_PREPROCESSOR_DEFINITIONS = (
					"DEBUG=1",
					"$(inherited)",
				);
				GCC_WARN_64_TO_32_BIT_CONVERSION = YES;
				GCC_WARN_ABOUT_RETURN_TYPE = YES_ERROR;
				GCC_WARN_UNDECLARED_SELECTOR = YES;
				GCC_WARN_UNINITIALIZED_AUTOS = YES_AGGRESSIVE;
				GCC_WARN_UNUSED_FUNCTION = YES;
				GCC_WARN_UNUSED_VARIABLE = YES;
				IPHONEOS_DEPLOYMENT_TARGET = 17.4;
				LOCALIZATION_PREFERS_STRING_CATALOGS = YES;
				MTL_ENABLE_DEBUG_INFO = INCLUDE_SOURCE;
				MTL_FAST_MATH = YES;
				ONLY_ACTIVE_ARCH = YES;
				SDKROOT = iphoneos;
				SWIFT_ACTIVE_COMPILATION_CONDITIONS = "DEBUG $(inherited)";
				SWIFT_OPTIMIZATION_LEVEL = "-Onone";
			};
			name = Debug;
		};
		3D2F03AE2B9A2D0600F165EA /* Release */ = {
			isa = XCBuildConfiguration;
			buildSettings = {
				ALWAYS_SEARCH_USER_PATHS = NO;
				ASSETCATALOG_COMPILER_GENERATE_SWIFT_ASSET_SYMBOL_EXTENSIONS = YES;
				CLANG_ANALYZER_NONNULL = YES;
				CLANG_ANALYZER_NUMBER_OBJECT_CONVERSION = YES_AGGRESSIVE;
				CLANG_CXX_LANGUAGE_STANDARD = "gnu++20";
				CLANG_ENABLE_MODULES = YES;
				CLANG_ENABLE_OBJC_ARC = YES;
				CLANG_ENABLE_OBJC_WEAK = YES;
				CLANG_WARN_BLOCK_CAPTURE_AUTORELEASING = YES;
				CLANG_WARN_BOOL_CONVERSION = YES;
				CLANG_WARN_COMMA = YES;
				CLANG_WARN_CONSTANT_CONVERSION = YES;
				CLANG_WARN_DEPRECATED_OBJC_IMPLEMENTATIONS = YES;
				CLANG_WARN_DIRECT_OBJC_ISA_USAGE = YES_ERROR;
				CLANG_WARN_DOCUMENTATION_COMMENTS = YES;
				CLANG_WARN_EMPTY_BODY = YES;
				CLANG_WARN_ENUM_CONVERSION = YES;
				CLANG_WARN_INFINITE_RECURSION = YES;
				CLANG_WARN_INT_CONVERSION = YES;
				CLANG_WARN_NON_LITERAL_NULL_CONVERSION = YES;
				CLANG_WARN_OBJC_IMPLICIT_RETAIN_SELF = YES;
				CLANG_WARN_OBJC_LITERAL_CONVERSION = YES;
				CLANG_WARN_OBJC_ROOT_CLASS = YES_ERROR;
				CLANG_WARN_QUOTED_INCLUDE_IN_FRAMEWORK_HEADER = YES;
				CLANG_WARN_RANGE_LOOP_ANALYSIS = YES;
				CLANG_WARN_STRICT_PROTOTYPES = YES;
				CLANG_WARN_SUSPICIOUS_MOVE = YES;
				CLANG_WARN_UNGUARDED_AVAILABILITY = YES_AGGRESSIVE;
				CLANG_WARN_UNREACHABLE_CODE = YES;
				CLANG_WARN__DUPLICATE_METHOD_MATCH = YES;
				COPY_PHASE_STRIP = NO;
				DEBUG_INFORMATION_FORMAT = "dwarf-with-dsym";
				ENABLE_NS_ASSERTIONS = NO;
				ENABLE_STRICT_OBJC_MSGSEND = YES;
				ENABLE_USER_SCRIPT_SANDBOXING = YES;
				GCC_C_LANGUAGE_STANDARD = gnu17;
				GCC_NO_COMMON_BLOCKS = YES;
				GCC_WARN_64_TO_32_BIT_CONVERSION = YES;
				GCC_WARN_ABOUT_RETURN_TYPE = YES_ERROR;
				GCC_WARN_UNDECLARED_SELECTOR = YES;
				GCC_WARN_UNINITIALIZED_AUTOS = YES_AGGRESSIVE;
				GCC_WARN_UNUSED_FUNCTION = YES;
				GCC_WARN_UNUSED_VARIABLE = YES;
				IPHONEOS_DEPLOYMENT_TARGET = 17.4;
				LOCALIZATION_PREFERS_STRING_CATALOGS = YES;
				MTL_ENABLE_DEBUG_INFO = NO;
				MTL_FAST_MATH = YES;
				SDKROOT = iphoneos;
				SWIFT_COMPILATION_MODE = wholemodule;
				VALIDATE_PRODUCT = YES;
			};
			name = Release;
		};
		3D2F03B02B9A2D0600F165EA /* Debug */ = {
			isa = XCBuildConfiguration;
			buildSettings = {
				ASSETCATALOG_COMPILER_APPICON_NAME = AppIcon;
				ASSETCATALOG_COMPILER_GLOBAL_ACCENT_COLOR_NAME = AccentColor;
				CODE_SIGN_STYLE = Automatic;
				CURRENT_PROJECT_VERSION = 1;
				DEVELOPMENT_ASSET_PATHS = "\"computer nerdys/Preview Content\"";
				ENABLE_PREVIEWS = YES;
				GENERATE_INFOPLIST_FILE = YES;
				INFOPLIST_KEY_UIApplicationSceneManifest_Generation = YES;
				INFOPLIST_KEY_UIApplicationSupportsIndirectInputEvents = YES;
				INFOPLIST_KEY_UILaunchScreen_Generation = YES;
				INFOPLIST_KEY_UISupportedInterfaceOrientations_iPad = "UIInterfaceOrientationPortrait UIInterfaceOrientationPortraitUpsideDown UIInterfaceOrientationLandscapeLeft UIInterfaceOrientationLandscapeRight";
				INFOPLIST_KEY_UISupportedInterfaceOrientations_iPhone = "UIInterfaceOrientationPortrait UIInterfaceOrientationLandscapeLeft UIInterfaceOrientationLandscapeRight";
				IPHONEOS_DEPLOYMENT_TARGET = 17.1;
				LD_RUNPATH_SEARCH_PATHS = (
					"$(inherited)",
					"@executable_path/Frameworks",
				);
				MARKETING_VERSION = 1.0;
				PRODUCT_BUNDLE_IDENTIFIER = "com.yourcompany.computer-nerdys";
				PRODUCT_NAME = "$(TARGET_NAME)";
				SWIFT_EMIT_LOC_STRINGS = YES;
				SWIFT_VERSION = 5.0;
				TARGETED_DEVICE_FAMILY = "1,2";
			};
			name = Debug;
		};
		3D2F03B12B9A2D0600F165EA /* Release */ = {
			isa = XCBuildConfiguration;
			buildSettings = {
				ASSETCATALOG_COMPILER_APPICON_NAME = AppIcon;
				ASSETCATALOG_COMPILER_GLOBAL_ACCENT_COLOR_NAME = AccentColor;
				CODE_SIGN_STYLE = Automatic;
				CURRENT_PROJECT_VERSION = 1;
				DEVELOPMENT_ASSET_PATHS = "\"computer nerdys/Preview Content\"";
				ENABLE_PREVIEWS = YES;
				GENERATE_INFOPLIST_FILE = YES;
				INFOPLIST_KEY_UIApplicationSceneManifest_Generation = YES;
				INFOPLIST_KEY_UIApplicationSupportsIndirectInputEvents = YES;
				INFOPLIST_KEY_UILaunchScreen_Generation = YES;
				INFOPLIST_KEY_UISupportedInterfaceOrientations_iPad = "UIInterfaceOrientationPortrait UIInterfaceOrientationPortraitUpsideDown UIInterfaceOrientationLandscapeLeft UIInterfaceOrientationLandscapeRight";
				INFOPLIST_KEY_UISupportedInterfaceOrientations_iPhone = "UIInterfaceOrientationPortrait UIInterfaceOrientationLandscapeLeft UIInterfaceOrientationLandscapeRight";
				IPHONEOS_DEPLOYMENT_TARGET = 17.1;
				LD_RUNPATH_SEARCH_PATHS = (
					"$(inherited)",
					"@executable_path/Frameworks",
				);
				MARKETING_VERSION = 1.0;
				PRODUCT_BUNDLE_IDENTIFIER = "com.yourcompany.computer-nerdys";
				PRODUCT_NAME = "$(TARGET_NAME)";
				SWIFT_EMIT_LOC_STRINGS = YES;
				SWIFT_VERSION = 5.0;
				TARGETED_DEVICE_FAMILY = "1,2";
			};
			name = Release;
		};
/* End XCBuildConfiguration section */

/* Begin XCConfigurationList section */
		3D2F039C2B9A2D0400F165EA /* Build configuration list for PBXProject "computer nerdys" */ = {
			isa = XCConfigurationList;
			buildConfigurations = (
				3D2F03AD2B9A2D0600F165EA /* Debug */,
				3D2F03AE2B9A2D0600F165EA /* Release */,
			);
			defaultConfigurationIsVisible = 0;
			defaultConfigurationName = Release;
		};
		3D2F03AF2B9A2D0600F165EA /* Build configuration list for PBXNativeTarget "computer nerdys" */ = {
			isa = XCConfigurationList;
			buildConfigurations = (
				3D2F03B02B9A2D0600F165EA /* Debug */,
				3D2F03B12B9A2D0600F165EA /* Release */,
			);
			defaultConfigurationIsVisible = 0;
			defaultConfigurationName = Release;
		};
/* End XCConfigurationList section */
	};
	rootObject = 3D2F03992B9A2D0400F165EA /* Project object */;
}
